// !$*UTF8*$!
{
	archiveVersion = 1;
	classes = {
	};
	objectVersion = 50;
	objects = {

/* Begin PBXBuildFile section */
		6759D16421A9A12B00DD0C86 /* AppDelegate.swift in Sources */ = {isa = PBXBuildFile; fileRef = 6759D16321A9A12B00DD0C86 /* AppDelegate.swift */; };
		6759D16621A9A12B00DD0C86 /* TipcyVC.swift in Sources */ = {isa = PBXBuildFile; fileRef = 6759D16521A9A12B00DD0C86 /* TipcyVC.swift */; };
		6759D16921A9A12B00DD0C86 /* Main.storyboard in Resources */ = {isa = PBXBuildFile; fileRef = 6759D16721A9A12B00DD0C86 /* Main.storyboard */; };
		6759D16B21A9A12D00DD0C86 /* Assets.xcassets in Resources */ = {isa = PBXBuildFile; fileRef = 6759D16A21A9A12D00DD0C86 /* Assets.xcassets */; };
		6759D16E21A9A12D00DD0C86 /* LaunchScreen.storyboard in Resources */ = {isa = PBXBuildFile; fileRef = 6759D16C21A9A12D00DD0C86 /* LaunchScreen.storyboard */; };
		6759D17821A9C1D900DD0C86 /* TipModel.swift in Sources */ = {isa = PBXBuildFile; fileRef = 6759D17721A9C1D900DD0C86 /* TipModel.swift */; };
/* End PBXBuildFile section */

/* Begin PBXFileReference section */
		6759D16021A9A12B00DD0C86 /* TipsyCalc.app */ = {isa = PBXFileReference; explicitFileType = wrapper.application; includeInIndex = 0; path = TipsyCalc.app; sourceTree = BUILT_PRODUCTS_DIR; };
		6759D16321A9A12B00DD0C86 /* AppDelegate.swift */ = {isa = PBXFileReference; lastKnownFileType = sourcecode.swift; path = AppDelegate.swift; sourceTree = "<group>"; };
		6759D16521A9A12B00DD0C86 /* TipcyVC.swift */ = {isa = PBXFileReference; lastKnownFileType = sourcecode.swift; path = TipcyVC.swift; sourceTree = "<group>"; };
		6759D16821A9A12B00DD0C86 /* Base */ = {isa = PBXFileReference; lastKnownFileType = file.storyboard; name = Base; path = Base.lproj/Main.storyboard; sourceTree = "<group>"; };
		6759D16A21A9A12D00DD0C86 /* Assets.xcassets */ = {isa = PBXFileReference; lastKnownFileType = folder.assetcatalog; path = Assets.xcassets; sourceTree = "<group>"; };
		6759D16D21A9A12D00DD0C86 /* Base */ = {isa = PBXFileReference; lastKnownFileType = file.storyboard; name = Base; path = Base.lproj/LaunchScreen.storyboard; sourceTree = "<group>"; };
		6759D16F21A9A12D00DD0C86 /* Info.plist */ = {isa = PBXFileReference; lastKnownFileType = text.plist.xml; path = Info.plist; sourceTree = "<group>"; };
		6759D17721A9C1D900DD0C86 /* TipModel.swift */ = {isa = PBXFileReference; lastKnownFileType = sourcecode.swift; path = TipModel.swift; sourceTree = "<group>"; };
/* End PBXFileReference section */

/* Begin PBXFrameworksBuildPhase section */
		6759D15D21A9A12B00DD0C86 /* Frameworks */ = {
			isa = PBXFrameworksBuildPhase;
			buildActionMask = 2147483647;
			files = (
			);
			runOnlyForDeploymentPostprocessing = 0;
		};
/* End PBXFrameworksBuildPhase section */

/* Begin PBXGroup section */
		6759D15721A9A12B00DD0C86 = {
			isa = PBXGroup;
			children = (
				6759D16221A9A12B00DD0C86 /* TipsyCalc */,
				6759D16121A9A12B00DD0C86 /* Products */,
			);
			sourceTree = "<group>";
		};
		6759D16121A9A12B00DD0C86 /* Products */ = {
			isa = PBXGroup;
			children = (
				6759D16021A9A12B00DD0C86 /* TipsyCalc.app */,
			);
			name = Products;
			sourceTree = "<group>";
		};
		6759D16221A9A12B00DD0C86 /* TipsyCalc */ = {
			isa = PBXGroup;
			children = (
				6759D17521A9C1A000DD0C86 /* Model */,
				6759D17621A9C1A700DD0C86 /* Controller */,
				6759D16321A9A12B00DD0C86 /* AppDelegate.swift */,
				6759D16721A9A12B00DD0C86 /* Main.storyboard */,
				6759D16A21A9A12D00DD0C86 /* Assets.xcassets */,
				6759D16C21A9A12D00DD0C86 /* LaunchScreen.storyboard */,
				6759D16F21A9A12D00DD0C86 /* Info.plist */,
			);
			path = TipsyCalc;
			sourceTree = "<group>";
		};
		6759D17521A9C1A000DD0C86 /* Model */ = {
			isa = PBXGroup;
			children = (
				6759D17721A9C1D900DD0C86 /* TipModel.swift */,
			);
			path = Model;
			sourceTree = "<group>";
		};
		6759D17621A9C1A700DD0C86 /* Controller */ = {
			isa = PBXGroup;
			children = (
				6759D16521A9A12B00DD0C86 /* TipcyVC.swift */,
			);
			path = Controller;
			sourceTree = "<group>";
		};
/* End PBXGroup section */

/* Begin PBXNativeTarget section */
		6759D15F21A9A12B00DD0C86 /* TipsyCalc */ = {
			isa = PBXNativeTarget;
			buildConfigurationList = 6759D17221A9A12D00DD0C86 /* Build configuration list for PBXNativeTarget "TipsyCalc" */;
			buildPhases = (
				6759D15C21A9A12B00DD0C86 /* Sources */,
				6759D15D21A9A12B00DD0C86 /* Frameworks */,
				6759D15E21A9A12B00DD0C86 /* Resources */,
			);
			buildRules = (
			);
			dependencies = (
			);
			name = TipsyCalc;
			productName = TipsyCalc;
			productReference = 6759D16021A9A12B00DD0C86 /* TipsyCalc.app */;
			productType = "com.apple.product-type.application";
		};
/* End PBXNativeTarget section */

/* Begin PBXProject section */
		6759D15821A9A12B00DD0C86 /* Project object */ = {
			isa = PBXProject;
			attributes = {
				LastSwiftUpdateCheck = 1010;
				LastUpgradeCheck = 1010;
				ORGANIZATIONNAME = "Anna Kaukh";
				TargetAttributes = {
					6759D15F21A9A12B00DD0C86 = {
						CreatedOnToolsVersion = 10.1;
					};
				};
			};
			buildConfigurationList = 6759D15B21A9A12B00DD0C86 /* Build configuration list for PBXProject "TipsyCalc" */;
			compatibilityVersion = "Xcode 9.3";
			developmentRegion = en;
			hasScannedForEncodings = 0;
			knownRegions = (
				en,
				Base,
			);
			mainGroup = 6759D15721A9A12B00DD0C86;
			productRefGroup = 6759D16121A9A12B00DD0C86 /* Products */;
			projectDirPath = "";
			projectRoot = "";
			targets = (
				6759D15F21A9A12B00DD0C86 /* TipsyCalc */,
			);
		};
/* End PBXProject section */

/* Begin PBXResourcesBuildPhase section */
		6759D15E21A9A12B00DD0C86 /* Resources */ = {
			isa = PBXResourcesBuildPhase;
			buildActionMask = 2147483647;
			files = (
				6759D16E21A9A12D00DD0C86 /* LaunchScreen.storyboard in Resources */,
				6759D16B21A9A12D00DD0C86 /* Assets.xcassets in Resources */,
				6759D16921A9A12B00DD0C86 /* Main.storyboard in Resources */,
			);
			runOnlyForDeploymentPostprocessing = 0;
		};
/* End PBXResourcesBuildPhase section */

/* Begin PBXSourcesBuildPhase section */
		6759D15C21A9A12B00DD0C86 /* Sources */ = {
			isa = PBXSourcesBuildPhase;
			buildActionMask = 2147483647;
			files = (
				6759D17821A9C1D900DD0C86 /* TipModel.swift in Sources */,
				6759D16621A9A12B00DD0C86 /* TipcyVC.swift in Sources */,
				6759D16421A9A12B00DD0C86 /* AppDelegate.swift in Sources */,
			);
			runOnlyForDeploymentPostprocessing = 0;
		};
/* End PBXSourcesBuildPhase section */

/* Begin PBXVariantGroup section */
		6759D16721A9A12B00DD0C86 /* Main.storyboard */ = {
			isa = PBXVariantGroup;
			children = (
				6759D16821A9A12B00DD0C86 /* Base */,
			);
			name = Main.storyboard;
			sourceTree = "<group>";
		};
		6759D16C21A9A12D00DD0C86 /* LaunchScreen.storyboard */ = {
			isa = PBXVariantGroup;
			children = (
				6759D16D21A9A12D00DD0C86 /* Base */,
			);
			name = LaunchScreen.storyboard;
			sourceTree = "<group>";
		};
/* End PBXVariantGroup section */

/* Begin XCBuildConfiguration section */
		6759D17021A9A12D00DD0C86 /* Debug */ = {
			isa = XCBuildConfiguration;
			buildSettings = {
				ALWAYS_SEARCH_USER_PATHS = NO;
				CLANG_ANALYZER_NONNULL = YES;
				CLANG_ANALYZER_NUMBER_OBJECT_CONVERSION = YES_AGGRESSIVE;
				CLANG_CXX_LANGUAGE_STANDARD = "gnu++14";
				CLANG_CXX_LIBRARY = "libc++";
				CLANG_ENABLE_MODULES = YES;
				CLANG_ENABLE_OBJC_ARC = YES;
				CLANG_ENABLE_OBJC_WEAK = YES;
				CLANG_WARN_BLOCK_CAPTURE_AUTORELEASING = YES;
				CLANG_WARN_BOOL_CONVERSION = YES;
				CLANG_WARN_COMMA = YES;
				CLANG_WARN_CONSTANT_CONVERSION = YES;
				CLANG_WARN_DEPRECATED_OBJC_IMPLEMENTATIONS = YES;
				CLANG_WARN_DIRECT_OBJC_ISA_USAGE = YES_ERROR;
				CLANG_WARN_DOCUMENTATION_COMMENTS = YES;
				CLANG_WARN_EMPTY_BODY = YES;
				CLANG_WARN_ENUM_CONVERSION = YES;
				CLANG_WARN_INFINITE_RECURSION = YES;
				CLANG_WARN_INT_CONVERSION = YES;
				CLANG_WARN_NON_LITERAL_NULL_CONVERSION = YES;
				CLANG_WARN_OBJC_IMPLICIT_RETAIN_SELF = YES;
				CLANG_WARN_OBJC_LITERAL_CONVERSION = YES;
				CLANG_WARN_OBJC_ROOT_CLASS = YES_ERROR;
				CLANG_WARN_RANGE_LOOP_ANALYSIS = YES;
				CLANG_WARN_STRICT_PROTOTYPES = YES;
				CLANG_WARN_SUSPICIOUS_MOVE = YES;
				CLANG_WARN_UNGUARDED_AVAILABILITY = YES_AGGRESSIVE;
				CLANG_WARN_UNREACHABLE_CODE = YES;
				CLANG_WARN__DUPLICATE_METHOD_MATCH = YES;
				CODE_SIGN_IDENTITY = "iPhone Developer";
				COPY_PHASE_STRIP = NO;
				DEBUG_INFORMATION_FORMAT = dwarf;
				ENABLE_STRICT_OBJC_MSGSEND = YES;
				ENABLE_TESTABILITY = YES;
				GCC_C_LANGUAGE_STANDARD = gnu11;
				GCC_DYNAMIC_NO_PIC = NO;
				GCC_NO_COMMON_BLOCKS = YES;
				GCC_OPTIMIZATION_LEVEL = 0;
				GCC_PREPROCESSOR_DEFINITIONS = (
					"DEBUG=1",
					"$(inherited)",
				);
				GCC_WARN_64_TO_32_BIT_CONVERSION = YES;
				GCC_WARN_ABOUT_RETURN_TYPE = YES_ERROR;
				GCC_WARN_UNDECLARED_SELECTOR = YES;
				GCC_WARN_UNINITIALIZED_AUTOS = YES_AGGRESSIVE;
				GCC_WARN_UNUSED_FUNCTION = YES;
				GCC_WARN_UNUSED_VARIABLE = YES;
				IPHONEOS_DEPLOYMENT_TARGET = 12.1;
				MTL_ENABLE_DEBUG_INFO = INCLUDE_SOURCE;
				MTL_FAST_MATH = YES;
				ONLY_ACTIVE_ARCH = YES;
				SDKROOT = iphoneos;
				SWIFT_ACTIVE_COMPILATION_CONDITIONS = DEBUG;
				SWIFT_OPTIMIZATION_LEVEL = "-Onone";
			};
			name = Debug;
		};
		6759D17121A9A12D00DD0C86 /* Release */ = {
			isa = XCBuildConfiguration;
			buildSettings = {
				ALWAYS_SEARCH_USER_PATHS = NO;
				CLANG_ANALYZER_NONNULL = YES;
				CLANG_ANALYZER_NUMBER_OBJECT_CONVERSION = YES_AGGRESSIVE;
				CLANG_CXX_LANGUAGE_STANDARD = "gnu++14";
				CLANG_CXX_LIBRARY = "libc++";
				CLANG_ENABLE_MODULES = YES;
				CLANG_ENABLE_OBJC_ARC = YES;
				CLANG_ENABLE_OBJC_WEAK = YES;
				CLANG_WARN_BLOCK_CAPTURE_AUTORELEASING = YES;
				CLANG_WARN_BOOL_CONVERSION = YES;
				CLANG_WARN_COMMA = YES;
				CLANG_WARN_CONSTANT_CONVERSION = YES;
				CLANG_WARN_DEPRECATED_OBJC_IMPLEMENTATIONS = YES;
				CLANG_WARN_DIRECT_OBJC_ISA_USAGE = YES_ERROR;
				CLANG_WARN_DOCUMENTATION_COMMENTS = YES;
				CLANG_WARN_EMPTY_BODY = YES;
				CLANG_WARN_ENUM_CONVERSION = YES;
				CLANG_WARN_INFINITE_RECURSION = YES;
				CLANG_WARN_INT_CONVERSION = YES;
				CLANG_WARN_NON_LITERAL_NULL_CONVERSION = YES;
				CLANG_WARN_OBJC_IMPLICIT_RETAIN_SELF = YES;
				CLANG_WARN_OBJC_LITERAL_CONVERSION = YES;
				CLANG_WARN_OBJC_ROOT_CLASS = YES_ERROR;
				CLANG_WARN_RANGE_LOOP_ANALYSIS = YES;
				CLANG_WARN_STRICT_PROTOTYPES = YES;
				CLANG_WARN_SUSPICIOUS_MOVE = YES;
				CLANG_WARN_UNGUARDED_AVAILABILITY = YES_AGGRESSIVE;
				CLANG_WARN_UNREACHABLE_CODE = YES;
				CLANG_WARN__DUPLICATE_METHOD_MATCH = YES;
				CODE_SIGN_IDENTITY = "iPhone Developer";
				COPY_PHASE_STRIP = NO;
				DEBUG_INFORMATION_FORMAT = "dwarf-with-dsym";
				ENABLE_NS_ASSERTIONS = NO;
				ENABLE_STRICT_OBJC_MSGSEND = YES;
				GCC_C_LANGUAGE_STANDARD = gnu11;
				GCC_NO_COMMON_BLOCKS = YES;
				GCC_WARN_64_TO_32_BIT_CONVERSION = YES;
				GCC_WARN_ABOUT_RETURN_TYPE = YES_ERROR;
				GCC_WARN_UNDECLARED_SELECTOR = YES;
				GCC_WARN_UNINITIALIZED_AUTOS = YES_AGGRESSIVE;
				GCC_WARN_UNUSED_FUNCTION = YES;
				GCC_WARN_UNUSED_VARIABLE = YES;
				IPHONEOS_DEPLOYMENT_TARGET = 12.1;
				MTL_ENABLE_DEBUG_INFO = NO;
				MTL_FAST_MATH = YES;
				SDKROOT = iphoneos;
				SWIFT_COMPILATION_MODE = wholemodule;
				SWIFT_OPTIMIZATION_LEVEL = "-O";
				VALIDATE_PRODUCT = YES;
			};
			name = Release;
		};
		6759D17321A9A12D00DD0C86 /* Debug */ = {
			isa = XCBuildConfiguration;
			buildSettings = {
				ASSETCATALOG_COMPILER_APPICON_NAME = AppIcon;
				CODE_SIGN_STYLE = Automatic;
				DEVELOPMENT_TEAM = SC2QKC7U99;
				INFOPLIST_FILE = TipsyCalc/Info.plist;
				LD_RUNPATH_SEARCH_PATHS = (
					"$(inherited)",
					"@executable_path/Frameworks",
				);
				PRODUCT_BUNDLE_IDENTIFIER = "com.Anna-Kaukh.TipsyCalc";
				PRODUCT_NAME = "$(TARGET_NAME)";
				SWIFT_VERSION = 4.2;
				TARGETED_DEVICE_FAMILY = "1,2";
			};
			name = Debug;
		};
		6759D17421A9A12D00DD0C86 /* Release */ = {
			isa = XCBuildConfiguration;
			buildSettings = {
				ASSETCATALOG_COMPILER_APPICON_NAME = AppIcon;
				CODE_SIGN_STYLE = Automatic;
				DEVELOPMENT_TEAM = SC2QKC7U99;
				INFOPLIST_FILE = TipsyCalc/Info.plist;
				LD_RUNPATH_SEARCH_PATHS = (
					"$(inherited)",
					"@executable_path/Frameworks",
				);
				PRODUCT_BUNDLE_IDENTIFIER = "com.Anna-Kaukh.TipsyCalc";
				PRODUCT_NAME = "$(TARGET_NAME)";
				SWIFT_VERSION = 4.2;
				TARGETED_DEVICE_FAMILY = "1,2";
			};
			name = Release;
		};
/* End XCBuildConfiguration section */

/* Begin XCConfigurationList section */
		6759D15B21A9A12B00DD0C86 /* Build configuration list for PBXProject "TipsyCalc" */ = {
			isa = XCConfigurationList;
			buildConfigurations = (
				6759D17021A9A12D00DD0C86 /* Debug */,
				6759D17121A9A12D00DD0C86 /* Release */,
			);
			defaultConfigurationIsVisible = 0;
			defaultConfigurationName = Release;
		};
		6759D17221A9A12D00DD0C86 /* Build configuration list for PBXNativeTarget "TipsyCalc" */ = {
			isa = XCConfigurationList;
			buildConfigurations = (
				6759D17321A9A12D00DD0C86 /* Debug */,
				6759D17421A9A12D00DD0C86 /* Release */,
			);
			defaultConfigurationIsVisible = 0;
			defaultConfigurationName = Release;
		};
/* End XCConfigurationList section */
	};
	rootObject = 6759D15821A9A12B00DD0C86 /* Project object */;
}
